
Microsoft Visual Studio Solution File, Format Version 12.00
# Visual Studio Version 16
VisualStudioVersion = 16.0.29926.136
MinimumVisualStudioVersion = 10.0.40219.1
Project("{FAE04EC0-301F-11D3-BF4B-00C04F79EFBC}") = "osutoaudica", "osutoaudica.csproj", "{A0D67E9D-EEA9-4358-9CC0-EE71CAFFA7D6}"
EndProject
Global
	GlobalSection(SolutionConfigurationPlatforms) = preSolution
		Debug|Any CPU = Debug|Any CPU
		Release|Any CPU = Release|Any CPU
	EndGlobalSection
	GlobalSection(ProjectConfigurationPlatforms) = postSolution
		{A0D67E9D-EEA9-4358-9CC0-EE71CAFFA7D6}.Debug|Any CPU.ActiveCfg = Debug|Any CPU
		{A0D67E9D-EEA9-4358-9CC0-EE71CAFFA7D6}.Debug|Any CPU.Build.0 = Debug|Any CPU
		{A0D67E9D-EEA9-4358-9CC0-EE71CAFFA7D6}.Release|Any CPU.ActiveCfg = Release|Any CPU
		{A0D67E9D-EEA9-4358-9CC0-EE71CAFFA7D6}.Release|Any CPU.Build.0 = Release|Any CPU
	EndGlobalSection
	GlobalSection(SolutionProperties) = preSolution
		HideSolutionNode = FALSE
	EndGlobalSection
	GlobalSection(ExtensibilityGlobals) = postSolution
		SolutionGuid = {2CFF533F-E38C-45F9-A3B3-86179CAB6449}
	EndGlobalSection
EndGlobal
